
Microsoft Visual Studio Solution File, Format Version 12.00
# Visual Studio Version 17
VisualStudioVersion = 17.7.34024.191
MinimumVisualStudioVersion = 10.0.40219.1
Project("{FAE04EC0-301F-11D3-BF4B-00C04F79EFBC}") = "MadLibGames", "MadLibGames.csproj", "{01E5219F-F845-4F18-94E2-454E6AA06F04}"
EndProject
Global
	GlobalSection(SolutionConfigurationPlatforms) = preSolution
		Debug|Any CPU = Debug|Any CPU
		Release|Any CPU = Release|Any CPU
	EndGlobalSection
	GlobalSection(ProjectConfigurationPlatforms) = postSolution
		{01E5219F-F845-4F18-94E2-454E6AA06F04}.Debug|Any CPU.ActiveCfg = Debug|Any CPU
		{01E5219F-F845-4F18-94E2-454E6AA06F04}.Debug|Any CPU.Build.0 = Debug|Any CPU
		{01E5219F-F845-4F18-94E2-454E6AA06F04}.Release|Any CPU.ActiveCfg = Release|Any CPU
		{01E5219F-F845-4F18-94E2-454E6AA06F04}.Release|Any CPU.Build.0 = Release|Any CPU
	EndGlobalSection
	GlobalSection(SolutionProperties) = preSolution
		HideSolutionNode = FALSE
	EndGlobalSection
	GlobalSection(ExtensibilityGlobals) = postSolution
		SolutionGuid = {D304CA22-D831-4222-955A-5870674E4D59}
	EndGlobalSection
EndGlobal
